
Microsoft Visual Studio Solution File, Format Version 12.00
# Visual Studio Version 17
VisualStudioVersion = 17.0.31903.59
MinimumVisualStudioVersion = 10.0.40219.1
Project("{FAE04EC0-301F-11D3-BF4B-00C04F79EFBC}") = "API", "API\API.csproj", "{CA0EA220-CCD9-444E-B238-333ADD6D07C8}"
EndProject
Project("{FAE04EC0-301F-11D3-BF4B-00C04F79EFBC}") = "Application", "Application\Application.csproj", "{E453BC39-0716-4300-9038-E19CA14FCA66}"
EndProject
Project("{FAE04EC0-301F-11D3-BF4B-00C04F79EFBC}") = "Domain", "Domain\Domain.csproj", "{497C5BD9-AF4F-4E0F-843A-43D3ADCBC7AB}"
EndProject
Project("{FAE04EC0-301F-11D3-BF4B-00C04F79EFBC}") = "Persistence", "Persistence\Persistence.csproj", "{788F1B5A-8FE0-406D-B43B-9FBF15ED2833}"
EndProject
Project("{FAE04EC0-301F-11D3-BF4B-00C04F79EFBC}") = "Infrastructure", "Infrastructure\Infrastructure.csproj", "{9ABCA63D-3C6D-4E53-9344-4F60417E910B}"
EndProject
Global
	GlobalSection(SolutionConfigurationPlatforms) = preSolution
		Debug|Any CPU = Debug|Any CPU
		Release|Any CPU = Release|Any CPU
	EndGlobalSection
	GlobalSection(SolutionProperties) = preSolution
		HideSolutionNode = FALSE
	EndGlobalSection
	GlobalSection(ProjectConfigurationPlatforms) = postSolution
		{CA0EA220-CCD9-444E-B238-333ADD6D07C8}.Debug|Any CPU.ActiveCfg = Debug|Any CPU
		{CA0EA220-CCD9-444E-B238-333ADD6D07C8}.Debug|Any CPU.Build.0 = Debug|Any CPU
		{CA0EA220-CCD9-444E-B238-333ADD6D07C8}.Release|Any CPU.ActiveCfg = Release|Any CPU
		{CA0EA220-CCD9-444E-B238-333ADD6D07C8}.Release|Any CPU.Build.0 = Release|Any CPU
		{E453BC39-0716-4300-9038-E19CA14FCA66}.Debug|Any CPU.ActiveCfg = Debug|Any CPU
		{E453BC39-0716-4300-9038-E19CA14FCA66}.Debug|Any CPU.Build.0 = Debug|Any CPU
		{E453BC39-0716-4300-9038-E19CA14FCA66}.Release|Any CPU.ActiveCfg = Release|Any CPU
		{E453BC39-0716-4300-9038-E19CA14FCA66}.Release|Any CPU.Build.0 = Release|Any CPU
		{497C5BD9-AF4F-4E0F-843A-43D3ADCBC7AB}.Debug|Any CPU.ActiveCfg = Debug|Any CPU
		{497C5BD9-AF4F-4E0F-843A-43D3ADCBC7AB}.Debug|Any CPU.Build.0 = Debug|Any CPU
		{497C5BD9-AF4F-4E0F-843A-43D3ADCBC7AB}.Release|Any CPU.ActiveCfg = Release|Any CPU
		{497C5BD9-AF4F-4E0F-843A-43D3ADCBC7AB}.Release|Any CPU.Build.0 = Release|Any CPU
		{788F1B5A-8FE0-406D-B43B-9FBF15ED2833}.Debug|Any CPU.ActiveCfg = Debug|Any CPU
		{788F1B5A-8FE0-406D-B43B-9FBF15ED2833}.Debug|Any CPU.Build.0 = Debug|Any CPU
		{788F1B5A-8FE0-406D-B43B-9FBF15ED2833}.Release|Any CPU.ActiveCfg = Release|Any CPU
		{788F1B5A-8FE0-406D-B43B-9FBF15ED2833}.Release|Any CPU.Build.0 = Release|Any CPU
		{9ABCA63D-3C6D-4E53-9344-4F60417E910B}.Debug|Any CPU.ActiveCfg = Debug|Any CPU
		{9ABCA63D-3C6D-4E53-9344-4F60417E910B}.Debug|Any CPU.Build.0 = Debug|Any CPU
		{9ABCA63D-3C6D-4E53-9344-4F60417E910B}.Release|Any CPU.ActiveCfg = Release|Any CPU
		{9ABCA63D-3C6D-4E53-9344-4F60417E910B}.Release|Any CPU.Build.0 = Release|Any CPU
	EndGlobalSection
EndGlobal
